# THIS IS AN AUTOGENERATED FILE. DO NOT EDIT THIS FILE DIRECTLY.
# yarn lockfile v1


"@mike-works/js-lib-renovate-config@^2.0.0":
  version "2.0.0"
  resolved "https://registry.yarnpkg.com/@mike-works/js-lib-renovate-config/-/js-lib-renovate-config-2.0.0.tgz#eb9b1cb4b68e38ba4e59ae5ef853def84d329397"
  integrity sha512-hzw/xYMwE1jcKK+pAaqIo3brzzn5ktR73odlPn3SUJJ1MxSuoxlfgWpYrbxuvkwfuS8qVBhVlDJIibCot+Ad6A==
